
Microsoft Visual Studio Solution File, Format Version 12.00
# Visual Studio Version 16
VisualStudioVersion = 16.0.29613.14
MinimumVisualStudioVersion = 10.0.40219.1
Project("{FAE04EC0-301F-11D3-BF4B-00C04F79EFBC}") = "Heranca-Poli", "Heranca-Poli\Heranca-Poli.csproj", "{52C6A842-BD4B-4F2A-B2A6-395FF1A6494A}"
EndProject
Global
	GlobalSection(SolutionConfigurationPlatforms) = preSolution
		Debug|Any CPU = Debug|Any CPU
		Release|Any CPU = Release|Any CPU
	EndGlobalSection
	GlobalSection(ProjectConfigurationPlatforms) = postSolution
		{52C6A842-BD4B-4F2A-B2A6-395FF1A6494A}.Debug|Any CPU.ActiveCfg = Debug|Any CPU
		{52C6A842-BD4B-4F2A-B2A6-395FF1A6494A}.Debug|Any CPU.Build.0 = Debug|Any CPU
		{52C6A842-BD4B-4F2A-B2A6-395FF1A6494A}.Release|Any CPU.ActiveCfg = Release|Any CPU
		{52C6A842-BD4B-4F2A-B2A6-395FF1A6494A}.Release|Any CPU.Build.0 = Release|Any CPU
	EndGlobalSection
	GlobalSection(SolutionProperties) = preSolution
		HideSolutionNode = FALSE
	EndGlobalSection
	GlobalSection(ExtensibilityGlobals) = postSolution
		SolutionGuid = {0B631E76-9B61-4B36-A3D8-40C6B244A009}
	EndGlobalSection
EndGlobal
